
Microsoft Visual Studio Solution File, Format Version 12.00
# Visual Studio 15
VisualStudioVersion = 15.0.28307.421
MinimumVisualStudioVersion = 10.0.40219.1
Project("{8BC9CEB8-8B4A-11D0-8D11-00A0C91BC942}") = "Bai2_TCPServer", "Bai2_TCPServer\Bai2_TCPServer.vcxproj", "{509B8AEA-3FE0-45A4-A1F2-447550E37256}"
EndProject
Project("{8BC9CEB8-8B4A-11D0-8D11-00A0C91BC942}") = "Bai1_TCPClient", "Bai1_TCPClient\Bai1_TCPClient.vcxproj", "{F11A0428-6F66-426F-B91B-086DEF09E2E9}"
EndProject
Project("{8BC9CEB8-8B4A-11D0-8D11-00A0C91BC942}") = "Bai3_clientinfo", "Bai3_clientinfo\Bai3_clientinfo.vcxproj", "{E9BDD714-8C07-4930-85BB-035F8F7B5769}"
EndProject
Project("{8BC9CEB8-8B4A-11D0-8D11-00A0C91BC942}") = "Bai4_serverinfo", "Bai4_serverinfo\Bai4_serverinfo.vcxproj", "{C1077982-79B9-423E-A649-3104EE0747A2}"
EndProject
Project("{8BC9CEB8-8B4A-11D0-8D11-00A0C91BC942}") = "Bai5_ChatServer", "Bai5_ChatServer\Bai5_ChatServer.vcxproj", "{D48D9729-892F-4F4C-A2C3-4FD42887D909}"
EndProject
Project("{8BC9CEB8-8B4A-11D0-8D11-00A0C91BC942}") = "Bai6_TelnetServer", "Bai6_TelnetServer\Bai6_TelnetServer.vcxproj", "{32DE33C4-3F16-4C3D-BFF9-D46A3100B360}"
EndProject
Project("{8BC9CEB8-8B4A-11D0-8D11-00A0C91BC942}") = "Bai7_ChatServerWithSelect", "Bai7_ChatServerWithSelect\Bai7_ChatServerWithSelect.vcxproj", "{7B9C7433-685E-4A13-ADAB-0A0239E57B82}"
EndProject
Project("{8BC9CEB8-8B4A-11D0-8D11-00A0C91BC942}") = "Bai8_TelnetServerWithSelect", "Bai8_TelnetServerWithSelect\Bai8_TelnetServerWithSelect.vcxproj", "{3511FBFE-6BD0-4E64-9008-C9CBE5063B5F}"
EndProject
Project("{8BC9CEB8-8B4A-11D0-8D11-00A0C91BC942}") = "Bai9_ChatserverWithWSAAsyncSelect", "Bai9_ChatserverWithWSAAsyncSelect\ChatServer.vcxproj", "{9689DB7C-4C5F-40B6-A4E5-0C9829B34289}"
EndProject
Project("{8BC9CEB8-8B4A-11D0-8D11-00A0C91BC942}") = "Bai10_TelnetServerWithWSAASyncSelect", "Bai10_TelnetServerWithWSAASyncSelect\Bai10_TelnetServerWithWSAASyncSelect.vcxproj", "{808D6856-D18A-41A8-8134-2928D8EB74C6}"
EndProject
Project("{8BC9CEB8-8B4A-11D0-8D11-00A0C91BC942}") = "Bai11_ChatServerWithWSAEventSelect", "Bai11_ChatServerWithWSAEventSelect\Bai11_ChatServerWithWSAEventSelect.vcxproj", "{755AD41D-B4D9-4C1B-B7C3-BE44B2C9A150}"
EndProject
Global
	GlobalSection(SolutionConfigurationPlatforms) = preSolution
		Debug|x64 = Debug|x64
		Debug|x86 = Debug|x86
		Release|x64 = Release|x64
		Release|x86 = Release|x86
	EndGlobalSection
	GlobalSection(ProjectConfigurationPlatforms) = postSolution
		{509B8AEA-3FE0-45A4-A1F2-447550E37256}.Debug|x64.ActiveCfg = Debug|x64
		{509B8AEA-3FE0-45A4-A1F2-447550E37256}.Debug|x64.Build.0 = Debug|x64
		{509B8AEA-3FE0-45A4-A1F2-447550E37256}.Debug|x86.ActiveCfg = Debug|Win32
		{509B8AEA-3FE0-45A4-A1F2-447550E37256}.Debug|x86.Build.0 = Debug|Win32
		{509B8AEA-3FE0-45A4-A1F2-447550E37256}.Release|x64.ActiveCfg = Release|x64
		{509B8AEA-3FE0-45A4-A1F2-447550E37256}.Release|x64.Build.0 = Release|x64
		{509B8AEA-3FE0-45A4-A1F2-447550E37256}.Release|x86.ActiveCfg = Release|Win32
		{509B8AEA-3FE0-45A4-A1F2-447550E37256}.Release|x86.Build.0 = Release|Win32
		{F11A0428-6F66-426F-B91B-086DEF09E2E9}.Debug|x64.ActiveCfg = Debug|x64
		{F11A0428-6F66-426F-B91B-086DEF09E2E9}.Debug|x64.Build.0 = Debug|x64
		{F11A0428-6F66-426F-B91B-086DEF09E2E9}.Debug|x86.ActiveCfg = Debug|Win32
		{F11A0428-6F66-426F-B91B-086DEF09E2E9}.Debug|x86.Build.0 = Debug|Win32
		{F11A0428-6F66-426F-B91B-086DEF09E2E9}.Release|x64.ActiveCfg = Release|x64
		{F11A0428-6F66-426F-B91B-086DEF09E2E9}.Release|x64.Build.0 = Release|x64
		{F11A0428-6F66-426F-B91B-086DEF09E2E9}.Release|x86.ActiveCfg = Release|Win32
		{F11A0428-6F66-426F-B91B-086DEF09E2E9}.Release|x86.Build.0 = Release|Win32
		{E9BDD714-8C07-4930-85BB-035F8F7B5769}.Debug|x64.ActiveCfg = Debug|x64
		{E9BDD714-8C07-4930-85BB-035F8F7B5769}.Debug|x64.Build.0 = Debug|x64
		{E9BDD714-8C07-4930-85BB-035F8F7B5769}.Debug|x86.ActiveCfg = Debug|Win32
		{E9BDD714-8C07-4930-85BB-035F8F7B5769}.Debug|x86.Build.0 = Debug|Win32
		{E9BDD714-8C07-4930-85BB-035F8F7B5769}.Release|x64.ActiveCfg = Release|x64
		{E9BDD714-8C07-4930-85BB-035F8F7B5769}.Release|x64.Build.0 = Release|x64
		{E9BDD714-8C07-4930-85BB-035F8F7B5769}.Release|x86.ActiveCfg = Release|Win32
		{E9BDD714-8C07-4930-85BB-035F8F7B5769}.Release|x86.Build.0 = Release|Win32
		{C1077982-79B9-423E-A649-3104EE0747A2}.Debug|x64.ActiveCfg = Debug|x64
		{C1077982-79B9-423E-A649-3104EE0747A2}.Debug|x64.Build.0 = Debug|x64
		{C1077982-79B9-423E-A649-3104EE0747A2}.Debug|x86.ActiveCfg = Debug|Win32
		{C1077982-79B9-423E-A649-3104EE0747A2}.Debug|x86.Build.0 = Debug|Win32
		{C1077982-79B9-423E-A649-3104EE0747A2}.Release|x64.ActiveCfg = Release|x64
		{C1077982-79B9-423E-A649-3104EE0747A2}.Release|x64.Build.0 = Release|x64
		{C1077982-79B9-423E-A649-3104EE0747A2}.Release|x86.ActiveCfg = Release|Win32
		{C1077982-79B9-423E-A649-3104EE0747A2}.Release|x86.Build.0 = Release|Win32
		{D48D9729-892F-4F4C-A2C3-4FD42887D909}.Debug|x64.ActiveCfg = Debug|x64
		{D48D9729-892F-4F4C-A2C3-4FD42887D909}.Debug|x64.Build.0 = Debug|x64
		{D48D9729-892F-4F4C-A2C3-4FD42887D909}.Debug|x86.ActiveCfg = Debug|Win32
		{D48D9729-892F-4F4C-A2C3-4FD42887D909}.Debug|x86.Build.0 = Debug|Win32
		{D48D9729-892F-4F4C-A2C3-4FD42887D909}.Release|x64.ActiveCfg = Release|x64
		{D48D9729-892F-4F4C-A2C3-4FD42887D909}.Release|x64.Build.0 = Release|x64
		{D48D9729-892F-4F4C-A2C3-4FD42887D909}.Release|x86.ActiveCfg = Release|Win32
		{D48D9729-892F-4F4C-A2C3-4FD42887D909}.Release|x86.Build.0 = Release|Win32
		{32DE33C4-3F16-4C3D-BFF9-D46A3100B360}.Debug|x64.ActiveCfg = Debug|x64
		{32DE33C4-3F16-4C3D-BFF9-D46A3100B360}.Debug|x64.Build.0 = Debug|x64
		{32DE33C4-3F16-4C3D-BFF9-D46A3100B360}.Debug|x86.ActiveCfg = Debug|Win32
		{32DE33C4-3F16-4C3D-BFF9-D46A3100B360}.Debug|x86.Build.0 = Debug|Win32
		{32DE33C4-3F16-4C3D-BFF9-D46A3100B360}.Release|x64.ActiveCfg = Release|x64
		{32DE33C4-3F16-4C3D-BFF9-D46A3100B360}.Release|x64.Build.0 = Release|x64
		{32DE33C4-3F16-4C3D-BFF9-D46A3100B360}.Release|x86.ActiveCfg = Release|Win32
		{32DE33C4-3F16-4C3D-BFF9-D46A3100B360}.Release|x86.Build.0 = Release|Win32
		{7B9C7433-685E-4A13-ADAB-0A0239E57B82}.Debug|x64.ActiveCfg = Debug|x64
		{7B9C7433-685E-4A13-ADAB-0A0239E57B82}.Debug|x64.Build.0 = Debug|x64
		{7B9C7433-685E-4A13-ADAB-0A0239E57B82}.Debug|x86.ActiveCfg = Debug|Win32
		{7B9C7433-685E-4A13-ADAB-0A0239E57B82}.Debug|x86.Build.0 = Debug|Win32
		{7B9C7433-685E-4A13-ADAB-0A0239E57B82}.Release|x64.ActiveCfg = Release|x64
		{7B9C7433-685E-4A13-ADAB-0A0239E57B82}.Release|x64.Build.0 = Release|x64
		{7B9C7433-685E-4A13-ADAB-0A0239E57B82}.Release|x86.ActiveCfg = Release|Win32
		{7B9C7433-685E-4A13-ADAB-0A0239E57B82}.Release|x86.Build.0 = Release|Win32
		{3511FBFE-6BD0-4E64-9008-C9CBE5063B5F}.Debug|x64.ActiveCfg = Debug|x64
		{3511FBFE-6BD0-4E64-9008-C9CBE5063B5F}.Debug|x64.Build.0 = Debug|x64
		{3511FBFE-6BD0-4E64-9008-C9CBE5063B5F}.Debug|x86.ActiveCfg = Debug|Win32
		{3511FBFE-6BD0-4E64-9008-C9CBE5063B5F}.Debug|x86.Build.0 = Debug|Win32
		{3511FBFE-6BD0-4E64-9008-C9CBE5063B5F}.Release|x64.ActiveCfg = Release|x64
		{3511FBFE-6BD0-4E64-9008-C9CBE5063B5F}.Release|x64.Build.0 = Release|x64
		{3511FBFE-6BD0-4E64-9008-C9CBE5063B5F}.Release|x86.ActiveCfg = Release|Win32
		{3511FBFE-6BD0-4E64-9008-C9CBE5063B5F}.Release|x86.Build.0 = Release|Win32
		{9689DB7C-4C5F-40B6-A4E5-0C9829B34289}.Debug|x64.ActiveCfg = Debug|x64
		{9689DB7C-4C5F-40B6-A4E5-0C9829B34289}.Debug|x64.Build.0 = Debug|x64
		{9689DB7C-4C5F-40B6-A4E5-0C9829B34289}.Debug|x86.ActiveCfg = Debug|Win32
		{9689DB7C-4C5F-40B6-A4E5-0C9829B34289}.Debug|x86.Build.0 = Debug|Win32
		{9689DB7C-4C5F-40B6-A4E5-0C9829B34289}.Release|x64.ActiveCfg = Release|x64
		{9689DB7C-4C5F-40B6-A4E5-0C9829B34289}.Release|x64.Build.0 = Release|x64
		{9689DB7C-4C5F-40B6-A4E5-0C9829B34289}.Release|x86.ActiveCfg = Release|Win32
		{9689DB7C-4C5F-40B6-A4E5-0C9829B34289}.Release|x86.Build.0 = Release|Win32
		{808D6856-D18A-41A8-8134-2928D8EB74C6}.Debug|x64.ActiveCfg = Debug|x64
		{808D6856-D18A-41A8-8134-2928D8EB74C6}.Debug|x64.Build.0 = Debug|x64
		{808D6856-D18A-41A8-8134-2928D8EB74C6}.Debug|x86.ActiveCfg = Debug|Win32
		{808D6856-D18A-41A8-8134-2928D8EB74C6}.Debug|x86.Build.0 = Debug|Win32
		{808D6856-D18A-41A8-8134-2928D8EB74C6}.Release|x64.ActiveCfg = Release|x64
		{808D6856-D18A-41A8-8134-2928D8EB74C6}.Release|x64.Build.0 = Release|x64
		{808D6856-D18A-41A8-8134-2928D8EB74C6}.Release|x86.ActiveCfg = Release|Win32
		{808D6856-D18A-41A8-8134-2928D8EB74C6}.Release|x86.Build.0 = Release|Win32
		{755AD41D-B4D9-4C1B-B7C3-BE44B2C9A150}.Debug|x64.ActiveCfg = Debug|x64
		{755AD41D-B4D9-4C1B-B7C3-BE44B2C9A150}.Debug|x64.Build.0 = Debug|x64
		{755AD41D-B4D9-4C1B-B7C3-BE44B2C9A150}.Debug|x86.ActiveCfg = Debug|Win32
		{755AD41D-B4D9-4C1B-B7C3-BE44B2C9A150}.Debug|x86.Build.0 = Debug|Win32
		{755AD41D-B4D9-4C1B-B7C3-BE44B2C9A150}.Release|x64.ActiveCfg = Release|x64
		{755AD41D-B4D9-4C1B-B7C3-BE44B2C9A150}.Release|x64.Build.0 = Release|x64
		{755AD41D-B4D9-4C1B-B7C3-BE44B2C9A150}.Release|x86.ActiveCfg = Release|Win32
		{755AD41D-B4D9-4C1B-B7C3-BE44B2C9A150}.Release|x86.Build.0 = Release|Win32
	EndGlobalSection
	GlobalSection(SolutionProperties) = preSolution
		HideSolutionNode = FALSE
	EndGlobalSection
	GlobalSection(ExtensibilityGlobals) = postSolution
		SolutionGuid = {60B8F4B0-7A56-48A1-B532-2AED9F4DD805}
	EndGlobalSection
EndGlobal
